# This file is generated by running "yarn install" inside your project.
# Manual changes might be lost - proceed with caution!

__metadata:
  version: 4

"@types/unist@npm:^2.0.0":
  version: 2.0.3
  resolution: "@types/unist@npm:2.0.3"
  checksum: f9188e0f569124fab8a963a95aa990030a582c05205f36237f970b64fd6f14299bdb8602127180c8cd58261714743459b6fe4e94233d2c4f28ede7b95bd8eb99
  languageName: node
  linkType: hard

"prettier@npm:1.19.1":
  version: 1.19.1
  resolution: "prettier@npm:1.19.1"
  bin:
    prettier: ./bin-prettier.js
  checksum: 0b8665fa22259378feaf46a54a559a09bd2c367e6391015af5068e88c6fb8d96e20afc56a6a6b2bac2eb0ad1ad26302ea634377e6397eca09301f64b01f3021a
  languageName: node
  linkType: hard

"remark-code-import@workspace:.":
  version: 0.0.0-use.local
  resolution: "remark-code-import@workspace:."
  dependencies:
    prettier: 1.19.1
    unist-util-visit: ^2.0.1
  languageName: unknown
  linkType: soft

"unist-util-is@npm:^4.0.0":
  version: 4.0.1
  resolution: "unist-util-is@npm:4.0.1"
  checksum: 4c114151b04196f90bc246232e28bbba70d795f589223f6fbc0ff2f338420f34e6eb5c653f08961a42844ba77ff935fb0889830ac6c57c4257569e0156d34f68
  languageName: node
  linkType: hard

"unist-util-visit-parents@npm:^3.0.0":
  version: 3.0.1
  resolution: "unist-util-visit-parents@npm:3.0.1"
  dependencies:
    "@types/unist": ^2.0.0
    unist-util-is: ^4.0.0
  checksum: a62239abbc7f09cf784c9e5d726975f592c68c8578448b8dabe54b634b298c47d50b0f28d4c5256415322afeaa440d268c2440a8c67173802eb73d09845524a7
  languageName: node
  linkType: hard

"unist-util-visit@npm:^2.0.1":
  version: 2.0.1
  resolution: "unist-util-visit@npm:2.0.1"
  dependencies:
    "@types/unist": ^2.0.0
    unist-util-is: ^4.0.0
    unist-util-visit-parents: ^3.0.0
  checksum: 74f0d2190b29560fd6b9493945990103bef67f3a28e6de0692e0ed3c8f655149f9c11d401c3b1f3e60d3e71c39b38af4c824961ec814b6ad0a0349b097456374
  languageName: node
  linkType: hard
